
Microsoft Visual Studio Solution File, Format Version 12.00
# Visual Studio Version 16
VisualStudioVersion = 16.0.810.14
MinimumVisualStudioVersion = 10.0.40219.1
Project("{FAE04EC0-301F-11D3-BF4B-00C04F79EFBC}") = "laba3_10", "laba3_10\laba3_10.csproj", "{9C13F4FB-FAED-481F-B4FB-0A737AAB99BE}"
EndProject
Global
	GlobalSection(SolutionConfigurationPlatforms) = preSolution
		Debug|Any CPU = Debug|Any CPU
		Release|Any CPU = Release|Any CPU
	EndGlobalSection
	GlobalSection(ProjectConfigurationPlatforms) = postSolution
		{9C13F4FB-FAED-481F-B4FB-0A737AAB99BE}.Debug|Any CPU.ActiveCfg = Debug|Any CPU
		{9C13F4FB-FAED-481F-B4FB-0A737AAB99BE}.Debug|Any CPU.Build.0 = Debug|Any CPU
		{9C13F4FB-FAED-481F-B4FB-0A737AAB99BE}.Release|Any CPU.ActiveCfg = Release|Any CPU
		{9C13F4FB-FAED-481F-B4FB-0A737AAB99BE}.Release|Any CPU.Build.0 = Release|Any CPU
	EndGlobalSection
	GlobalSection(SolutionProperties) = preSolution
		HideSolutionNode = FALSE
	EndGlobalSection
	GlobalSection(ExtensibilityGlobals) = postSolution
		SolutionGuid = {D8E8188B-0AC8-4210-9E7D-7731BA1DFB99}
	EndGlobalSection
EndGlobal
