
Microsoft Visual Studio Solution File, Format Version 12.00
# Visual Studio Version 16
VisualStudioVersion = 16.0.810.14
MinimumVisualStudioVersion = 10.0.40219.1
Project("{FAE04EC0-301F-11D3-BF4B-00C04F79EFBC}") = "laba3_6", "laba3_6\laba3_6.csproj", "{3B332C9A-3856-463F-B328-2B56E9BA71D0}"
EndProject
Global
	GlobalSection(SolutionConfigurationPlatforms) = preSolution
		Debug|Any CPU = Debug|Any CPU
		Release|Any CPU = Release|Any CPU
	EndGlobalSection
	GlobalSection(ProjectConfigurationPlatforms) = postSolution
		{3B332C9A-3856-463F-B328-2B56E9BA71D0}.Debug|Any CPU.ActiveCfg = Debug|Any CPU
		{3B332C9A-3856-463F-B328-2B56E9BA71D0}.Debug|Any CPU.Build.0 = Debug|Any CPU
		{3B332C9A-3856-463F-B328-2B56E9BA71D0}.Release|Any CPU.ActiveCfg = Release|Any CPU
		{3B332C9A-3856-463F-B328-2B56E9BA71D0}.Release|Any CPU.Build.0 = Release|Any CPU
	EndGlobalSection
	GlobalSection(SolutionProperties) = preSolution
		HideSolutionNode = FALSE
	EndGlobalSection
	GlobalSection(ExtensibilityGlobals) = postSolution
		SolutionGuid = {E2CAC5B1-236B-4563-A7E2-4BA922D16E92}
	EndGlobalSection
EndGlobal
